
Microsoft Visual Studio Solution File, Format Version 12.00
# Visual Studio Version 17
VisualStudioVersion = 17.0.31903.59
MinimumVisualStudioVersion = 10.0.40219.1
Project("{FAE04EC0-301F-11D3-BF4B-00C04F79EFBC}") = "BeakPeekApi", "BeakPeekApi\BeakPeekApi.csproj", "{03C8B3A6-9D42-4BCF-968A-607EDEB2BBFB}"
EndProject
Project("{FAE04EC0-301F-11D3-BF4B-00C04F79EFBC}") = "BeakPeekApi.Tests", "BeakPeekApi.Tests\BeakPeekApi.Tests.csproj", "{DB516666-044D-453E-9A94-96A55A5CEF90}"
EndProject
Global
	GlobalSection(SolutionConfigurationPlatforms) = preSolution
		Debug|Any CPU = Debug|Any CPU
		Release|Any CPU = Release|Any CPU
	EndGlobalSection
	GlobalSection(SolutionProperties) = preSolution
		HideSolutionNode = FALSE
	EndGlobalSection
	GlobalSection(ProjectConfigurationPlatforms) = postSolution
		{03C8B3A6-9D42-4BCF-968A-607EDEB2BBFB}.Debug|Any CPU.ActiveCfg = Debug|Any CPU
		{03C8B3A6-9D42-4BCF-968A-607EDEB2BBFB}.Debug|Any CPU.Build.0 = Debug|Any CPU
		{03C8B3A6-9D42-4BCF-968A-607EDEB2BBFB}.Release|Any CPU.ActiveCfg = Release|Any CPU
		{03C8B3A6-9D42-4BCF-968A-607EDEB2BBFB}.Release|Any CPU.Build.0 = Release|Any CPU
		{DB516666-044D-453E-9A94-96A55A5CEF90}.Debug|Any CPU.ActiveCfg = Debug|Any CPU
		{DB516666-044D-453E-9A94-96A55A5CEF90}.Debug|Any CPU.Build.0 = Debug|Any CPU
		{DB516666-044D-453E-9A94-96A55A5CEF90}.Release|Any CPU.ActiveCfg = Release|Any CPU
		{DB516666-044D-453E-9A94-96A55A5CEF90}.Release|Any CPU.Build.0 = Release|Any CPU
	EndGlobalSection
EndGlobal
